
Microsoft Visual Studio Solution File, Format Version 12.00
# Visual Studio 15
VisualStudioVersion = 15.0.28307.1831
MinimumVisualStudioVersion = 10.0.40219.1
Project("{8BC9CEB8-8B4A-11D0-8D11-00A0C91BC942}") = "write a function which display your name", "write a function which display your name\write a function which display your name.vcxproj", "{B52828B6-8BC4-4A93-80B0-23FB1DCE1976}"
EndProject
Global
	GlobalSection(SolutionConfigurationPlatforms) = preSolution
		Debug|x64 = Debug|x64
		Debug|x86 = Debug|x86
		Release|x64 = Release|x64
		Release|x86 = Release|x86
	EndGlobalSection
	GlobalSection(ProjectConfigurationPlatforms) = postSolution
		{B52828B6-8BC4-4A93-80B0-23FB1DCE1976}.Debug|x64.ActiveCfg = Debug|x64
		{B52828B6-8BC4-4A93-80B0-23FB1DCE1976}.Debug|x64.Build.0 = Debug|x64
		{B52828B6-8BC4-4A93-80B0-23FB1DCE1976}.Debug|x86.ActiveCfg = Debug|Win32
		{B52828B6-8BC4-4A93-80B0-23FB1DCE1976}.Debug|x86.Build.0 = Debug|Win32
		{B52828B6-8BC4-4A93-80B0-23FB1DCE1976}.Release|x64.ActiveCfg = Release|x64
		{B52828B6-8BC4-4A93-80B0-23FB1DCE1976}.Release|x64.Build.0 = Release|x64
		{B52828B6-8BC4-4A93-80B0-23FB1DCE1976}.Release|x86.ActiveCfg = Release|Win32
		{B52828B6-8BC4-4A93-80B0-23FB1DCE1976}.Release|x86.Build.0 = Release|Win32
	EndGlobalSection
	GlobalSection(SolutionProperties) = preSolution
		HideSolutionNode = FALSE
	EndGlobalSection
	GlobalSection(ExtensibilityGlobals) = postSolution
		SolutionGuid = {B84370B3-D1F7-48C9-A66C-E37EE975721A}
	EndGlobalSection
EndGlobal
